
Microsoft Visual Studio Solution File, Format Version 12.00
# Visual Studio 14
VisualStudioVersion = 14.0.25420.1
MinimumVisualStudioVersion = 10.0.40219.1
Project("{2150E333-8FDC-42A3-9474-1A3956D46DE8}") = "src", "src", "{E1EB3711-3CCD-4818-85F0-6D15FBBD3AE2}"
EndProject
Project("{2150E333-8FDC-42A3-9474-1A3956D46DE8}") = "Solution Items", "Solution Items", "{5437627B-D7E3-4938-86F3-5EFF3D49D952}"
	ProjectSection(SolutionItems) = preProject
		global.json = global.json
	EndProjectSection
EndProject
Project("{8BB2217D-0F2D-49D1-97BC-3654ED321F3B}") = "WebApplication3", "src\WebApplication3\WebApplication3.xproj", "{027790E2-F95E-444B-B07E-450BE1173D84}"
EndProject
Global
	GlobalSection(SolutionConfigurationPlatforms) = preSolution
		Debug|Any CPU = Debug|Any CPU
		Release|Any CPU = Release|Any CPU
	EndGlobalSection
	GlobalSection(ProjectConfigurationPlatforms) = postSolution
		{027790E2-F95E-444B-B07E-450BE1173D84}.Debug|Any CPU.ActiveCfg = Debug|Any CPU
		{027790E2-F95E-444B-B07E-450BE1173D84}.Debug|Any CPU.Build.0 = Debug|Any CPU
		{027790E2-F95E-444B-B07E-450BE1173D84}.Release|Any CPU.ActiveCfg = Release|Any CPU
		{027790E2-F95E-444B-B07E-450BE1173D84}.Release|Any CPU.Build.0 = Release|Any CPU
	EndGlobalSection
	GlobalSection(SolutionProperties) = preSolution
		HideSolutionNode = FALSE
	EndGlobalSection
	GlobalSection(NestedProjects) = preSolution
		{027790E2-F95E-444B-B07E-450BE1173D84} = {E1EB3711-3CCD-4818-85F0-6D15FBBD3AE2}
	EndGlobalSection
EndGlobal
